<?xml version="1.0" encoding="utf-8"?>
<Project ToolsVersion="4.0" xmlns="http://schemas.microsoft.com/developer/msbuild/2003">
  <ItemGroup>
    <Filter Include="Source Files">
      <UniqueIdentifier>{4FC737F1-C7A5-4376-A066-2A32D752A2FF}</UniqueIdentifier>
      <Extensions>cpp;c;cc;cxx;c++;cppm;ixx;def;odl;idl;hpj;bat;asm;asmx</Extensions>
    </Filter>
    <Filter Include="Header Files">
      <UniqueIdentifier>{93995380-89BD-4b04-88EB-625FBE52EBFB}</UniqueIdentifier>
      <Extensions>h;hh;hpp;hxx;h++;hm;inl;inc;ipp;xsd</Extensions>
    </Filter>
    <Filter Include="Resource Files">
      <UniqueIdentifier>{67DA6AB6-F800-4c08-8B7A-83BB121AAD01}</UniqueIdentifier>
      <Extensions>rc;ico;cur;bmp;dlg;rc2;rct;bin;rgs;gif;jpg;jpeg;jpe;resx;tiff;tif;png;wav;mfcribbon-ms</Extensions>
    </Filter>
  </ItemGroup>
  <ItemGroup>
    <ClCompile Include="Source\main.c">
      <Filter>Source Files</Filter>
    </ClCompile>
    <ClCompile Include="Include\glad\glad.c">
      <Filter>Source Files</Filter>
    </ClCompile>
    <ClCompile Include="Source\renderer\shader.c">
      <Filter>Source Files</Filter>
    </ClCompile>
    <ClCompile Include="Source\renderer\renderer.c">
      <Filter>Source Files</Filter>
    </ClCompile>
    <ClCompile Include="Source\obj.c">
      <Filter>Source Files</Filter>
    </ClCompile>
  </ItemGroup>
  <ItemGroup>
    <ClInclude Include="Include\glad\glad.h">
      <Filter>Header Files</Filter>
    </ClInclude>
    <ClInclude Include="Include\KHR\khrplatform.h">
      <Filter>Header Files</Filter>
    </ClInclude>
    <ClInclude Include="Library\stb_image.h">
      <Filter>Header Files</Filter>
    </ClInclude>
    <ClInclude Include="Include\cglm\call\clipspace\ortho_lh_no.h">
      <Filter>Header Files</Filter>
    </ClInclude>
    <ClInclude Include="Include\cglm\call\clipspace\ortho_lh_zo.h">
      <Filter>Header Files</Filter>
    </ClInclude>
    <ClInclude Include="Include\cglm\call\clipspace\ortho_rh_no.h">
      <Filter>Header Files</Filter>
    </ClInclude>
    <ClInclude Include="Include\cglm\call\clipspace\ortho_rh_zo.h">
      <Filter>Header Files</Filter>
    </ClInclude>
    <ClInclude Include="Include\cglm\call\clipspace\persp_lh_no.h">
      <Filter>Header Files</Filter>
    </ClInclude>
    <ClInclude Include="Include\cglm\call\clipspace\persp_lh_zo.h">
      <Filter>Header Files</Filter>
    </ClInclude>
    <ClInclude Include="Include\cglm\call\clipspace\persp_rh_no.h">
      <Filter>Header Files</Filter>
    </ClInclude>
    <ClInclude Include="Include\cglm\call\clipspace\persp_rh_zo.h">
      <Filter>Header Files</Filter>
    </ClInclude>
    <ClInclude Include="Include\cglm\call\clipspace\project_no.h">
      <Filter>Header Files</Filter>
    </ClInclude>
    <ClInclude Include="Include\cglm\call\clipspace\project_zo.h">
      <Filter>Header Files</Filter>
    </ClInclude>
    <ClInclude Include="Include\cglm\call\clipspace\view_lh_no.h">
      <Filter>Header Files</Filter>
    </ClInclude>
    <ClInclude Include="Include\cglm\call\clipspace\view_lh_zo.h">
      <Filter>Header Files</Filter>
    </ClInclude>
    <ClInclude Include="Include\cglm\call\clipspace\view_rh_no.h">
      <Filter>Header Files</Filter>
    </ClInclude>
    <ClInclude Include="Include\cglm\call\clipspace\view_rh_zo.h">
      <Filter>Header Files</Filter>
    </ClInclude>
    <ClInclude Include="Include\cglm\call\affine.h">
      <Filter>Header Files</Filter>
    </ClInclude>
    <ClInclude Include="Include\cglm\call\affine2d.h">
      <Filter>Header Files</Filter>
    </ClInclude>
    <ClInclude Include="Include\cglm\call\bezier.h">
      <Filter>Header Files</Filter>
    </ClInclude>
    <ClInclude Include="Include\cglm\call\box.h">
      <Filter>Header Files</Filter>
    </ClInclude>
    <ClInclude Include="Include\cglm\call\cam.h">
      <Filter>Header Files</Filter>
    </ClInclude>
    <ClInclude Include="Include\cglm\call\curve.h">
      <Filter>Header Files</Filter>
    </ClInclude>
    <ClInclude Include="Include\cglm\call\ease.h">
      <Filter>Header Files</Filter>
    </ClInclude>
    <ClInclude Include="Include\cglm\call\euler.h">
      <Filter>Header Files</Filter>
    </ClInclude>
    <ClInclude Include="Include\cglm\call\frustum.h">
      <Filter>Header Files</Filter>
    </ClInclude>
    <ClInclude Include="Include\cglm\call\io.h">
      <Filter>Header Files</Filter>
    </ClInclude>
    <ClInclude Include="Include\cglm\call\ivec2.h">
      <Filter>Header Files</Filter>
    </ClInclude>
    <ClInclude Include="Include\cglm\call\ivec3.h">
      <Filter>Header Files</Filter>
    </ClInclude>
    <ClInclude Include="Include\cglm\call\ivec4.h">
      <Filter>Header Files</Filter>
    </ClInclude>
    <ClInclude Include="Include\cglm\call\mat2.h">
      <Filter>Header Files</Filter>
    </ClInclude>
    <ClInclude Include="Include\cglm\call\mat2x3.h">
      <Filter>Header Files</Filter>
    </ClInclude>
    <ClInclude Include="Include\cglm\call\mat2x4.h">
      <Filter>Header Files</Filter>
    </ClInclude>
    <ClInclude Include="Include\cglm\call\mat3.h">
      <Filter>Header Files</Filter>
    </ClInclude>
    <ClInclude Include="Include\cglm\call\mat3x2.h">
      <Filter>Header Files</Filter>
    </ClInclude>
    <ClInclude Include="Include\cglm\call\mat3x4.h">
      <Filter>Header Files</Filter>
    </ClInclude>
    <ClInclude Include="Include\cglm\call\mat4.h">
      <Filter>Header Files</Filter>
    </ClInclude>
    <ClInclude Include="Include\cglm\call\mat4x2.h">
      <Filter>Header Files</Filter>
    </ClInclude>
    <ClInclude Include="Include\cglm\call\mat4x3.h">
      <Filter>Header Files</Filter>
    </ClInclude>
    <ClInclude Include="Include\cglm\call\plane.h">
      <Filter>Header Files</Filter>
    </ClInclude>
    <ClInclude Include="Include\cglm\call\project.h">
      <Filter>Header Files</Filter>
    </ClInclude>
    <ClInclude Include="Include\cglm\call\quat.h">
      <Filter>Header Files</Filter>
    </ClInclude>
    <ClInclude Include="Include\cglm\call\ray.h">
      <Filter>Header Files</Filter>
    </ClInclude>
    <ClInclude Include="Include\cglm\call\sphere.h">
      <Filter>Header Files</Filter>
    </ClInclude>
    <ClInclude Include="Include\cglm\call\vec2.h">
      <Filter>Header Files</Filter>
    </ClInclude>
    <ClInclude Include="Include\cglm\call\vec3.h">
      <Filter>Header Files</Filter>
    </ClInclude>
    <ClInclude Include="Include\cglm\call\vec4.h">
      <Filter>Header Files</Filter>
    </ClInclude>
    <ClInclude Include="Include\cglm\clipspace\ortho_lh_no.h">
      <Filter>Header Files</Filter>
    </ClInclude>
    <ClInclude Include="Include\cglm\clipspace\ortho_lh_zo.h">
      <Filter>Header Files</Filter>
    </ClInclude>
    <ClInclude Include="Include\cglm\clipspace\ortho_rh_no.h">
      <Filter>Header Files</Filter>
    </ClInclude>
    <ClInclude Include="Include\cglm\clipspace\ortho_rh_zo.h">
      <Filter>Header Files</Filter>
    </ClInclude>
    <ClInclude Include="Include\cglm\clipspace\persp.h">
      <Filter>Header Files</Filter>
    </ClInclude>
    <ClInclude Include="Include\cglm\clipspace\persp_lh_no.h">
      <Filter>Header Files</Filter>
    </ClInclude>
    <ClInclude Include="Include\cglm\clipspace\persp_lh_zo.h">
      <Filter>Header Files</Filter>
    </ClInclude>
    <ClInclude Include="Include\cglm\clipspace\persp_rh_no.h">
      <Filter>Header Files</Filter>
    </ClInclude>
    <ClInclude Include="Include\cglm\clipspace\persp_rh_zo.h">
      <Filter>Header Files</Filter>
    </ClInclude>
    <ClInclude Include="Include\cglm\clipspace\project_no.h">
      <Filter>Header Files</Filter>
    </ClInclude>
    <ClInclude Include="Include\cglm\clipspace\project_zo.h">
      <Filter>Header Files</Filter>
    </ClInclude>
    <ClInclude Include="Include\cglm\clipspace\view_lh.h">
      <Filter>Header Files</Filter>
    </ClInclude>
    <ClInclude Include="Include\cglm\clipspace\view_lh_no.h">
      <Filter>Header Files</Filter>
    </ClInclude>
    <ClInclude Include="Include\cglm\clipspace\view_lh_zo.h">
      <Filter>Header Files</Filter>
    </ClInclude>
    <ClInclude Include="Include\cglm\clipspace\view_rh.h">
      <Filter>Header Files</Filter>
    </ClInclude>
    <ClInclude Include="Include\cglm\clipspace\view_rh_no.h">
      <Filter>Header Files</Filter>
    </ClInclude>
    <ClInclude Include="Include\cglm\clipspace\view_rh_zo.h">
      <Filter>Header Files</Filter>
    </ClInclude>
    <ClInclude Include="Include\cglm\simd\avx\affine.h">
      <Filter>Header Files</Filter>
    </ClInclude>
    <ClInclude Include="Include\cglm\simd\avx\mat4.h">
      <Filter>Header Files</Filter>
    </ClInclude>
    <ClInclude Include="Include\cglm\simd\neon\affine.h">
      <Filter>Header Files</Filter>
    </ClInclude>
    <ClInclude Include="Include\cglm\simd\neon\mat2.h">
      <Filter>Header Files</Filter>
    </ClInclude>
    <ClInclude Include="Include\cglm\simd\neon\mat4.h">
      <Filter>Header Files</Filter>
    </ClInclude>
    <ClInclude Include="Include\cglm\simd\neon\quat.h">
      <Filter>Header Files</Filter>
    </ClInclude>
    <ClInclude Include="Include\cglm\simd\sse2\affine.h">
      <Filter>Header Files</Filter>
    </ClInclude>
    <ClInclude Include="Include\cglm\simd\sse2\mat2.h">
      <Filter>Header Files</Filter>
    </ClInclude>
    <ClInclude Include="Include\cglm\simd\sse2\mat3.h">
      <Filter>Header Files</Filter>
    </ClInclude>
    <ClInclude Include="Include\cglm\simd\sse2\mat4.h">
      <Filter>Header Files</Filter>
    </ClInclude>
    <ClInclude Include="Include\cglm\simd\sse2\quat.h">
      <Filter>Header Files</Filter>
    </ClInclude>
    <ClInclude Include="Include\cglm\simd\wasm\affine.h">
      <Filter>Header Files</Filter>
    </ClInclude>
    <ClInclude Include="Include\cglm\simd\wasm\mat2.h">
      <Filter>Header Files</Filter>
    </ClInclude>
    <ClInclude Include="Include\cglm\simd\wasm\mat3.h">
      <Filter>Header Files</Filter>
    </ClInclude>
    <ClInclude Include="Include\cglm\simd\wasm\mat4.h">
      <Filter>Header Files</Filter>
    </ClInclude>
    <ClInclude Include="Include\cglm\simd\wasm\quat.h">
      <Filter>Header Files</Filter>
    </ClInclude>
    <ClInclude Include="Include\cglm\simd\arm.h">
      <Filter>Header Files</Filter>
    </ClInclude>
    <ClInclude Include="Include\cglm\simd\intrin.h">
      <Filter>Header Files</Filter>
    </ClInclude>
    <ClInclude Include="Include\cglm\simd\wasm.h">
      <Filter>Header Files</Filter>
    </ClInclude>
    <ClInclude Include="Include\cglm\simd\x86.h">
      <Filter>Header Files</Filter>
    </ClInclude>
    <ClInclude Include="Include\cglm\struct\clipspace\ortho_lh_no.h">
      <Filter>Header Files</Filter>
    </ClInclude>
    <ClInclude Include="Include\cglm\struct\clipspace\ortho_lh_zo.h">
      <Filter>Header Files</Filter>
    </ClInclude>
    <ClInclude Include="Include\cglm\struct\clipspace\ortho_rh_no.h">
      <Filter>Header Files</Filter>
    </ClInclude>
    <ClInclude Include="Include\cglm\struct\clipspace\ortho_rh_zo.h">
      <Filter>Header Files</Filter>
    </ClInclude>
    <ClInclude Include="Include\cglm\struct\clipspace\persp_lh_no.h">
      <Filter>Header Files</Filter>
    </ClInclude>
    <ClInclude Include="Include\cglm\struct\clipspace\persp_lh_zo.h">
      <Filter>Header Files</Filter>
    </ClInclude>
    <ClInclude Include="Include\cglm\struct\clipspace\persp_rh_no.h">
      <Filter>Header Files</Filter>
    </ClInclude>
    <ClInclude Include="Include\cglm\struct\clipspace\persp_rh_zo.h">
      <Filter>Header Files</Filter>
    </ClInclude>
    <ClInclude Include="Include\cglm\struct\clipspace\project_no.h">
      <Filter>Header Files</Filter>
    </ClInclude>
    <ClInclude Include="Include\cglm\struct\clipspace\project_zo.h">
      <Filter>Header Files</Filter>
    </ClInclude>
    <ClInclude Include="Include\cglm\struct\clipspace\view_lh_no.h">
      <Filter>Header Files</Filter>
    </ClInclude>
    <ClInclude Include="Include\cglm\struct\clipspace\view_lh_zo.h">
      <Filter>Header Files</Filter>
    </ClInclude>
    <ClInclude Include="Include\cglm\struct\clipspace\view_rh_no.h">
      <Filter>Header Files</Filter>
    </ClInclude>
    <ClInclude Include="Include\cglm\struct\clipspace\view_rh_zo.h">
      <Filter>Header Files</Filter>
    </ClInclude>
    <ClInclude Include="Include\cglm\struct\affine.h">
      <Filter>Header Files</Filter>
    </ClInclude>
    <ClInclude Include="Include\cglm\struct\affine2d.h">
      <Filter>Header Files</Filter>
    </ClInclude>
    <ClInclude Include="Include\cglm\struct\affine-mat.h">
      <Filter>Header Files</Filter>
    </ClInclude>
    <ClInclude Include="Include\cglm\struct\affine-post.h">
      <Filter>Header Files</Filter>
    </ClInclude>
    <ClInclude Include="Include\cglm\struct\affine-pre.h">
      <Filter>Header Files</Filter>
    </ClInclude>
    <ClInclude Include="Include\cglm\struct\box.h">
      <Filter>Header Files</Filter>
    </ClInclude>
    <ClInclude Include="Include\cglm\struct\cam.h">
      <Filter>Header Files</Filter>
    </ClInclude>
    <ClInclude Include="Include\cglm\struct\color.h">
      <Filter>Header Files</Filter>
    </ClInclude>
    <ClInclude Include="Include\cglm\struct\curve.h">
      <Filter>Header Files</Filter>
    </ClInclude>
    <ClInclude Include="Include\cglm\struct\euler.h">
      <Filter>Header Files</Filter>
    </ClInclude>
    <ClInclude Include="Include\cglm\struct\frustum.h">
      <Filter>Header Files</Filter>
    </ClInclude>
    <ClInclude Include="Include\cglm\struct\io.h">
      <Filter>Header Files</Filter>
    </ClInclude>
    <ClInclude Include="Include\cglm\struct\mat2.h">
      <Filter>Header Files</Filter>
    </ClInclude>
    <ClInclude Include="Include\cglm\struct\mat2x3.h">
      <Filter>Header Files</Filter>
    </ClInclude>
    <ClInclude Include="Include\cglm\struct\mat2x4.h">
      <Filter>Header Files</Filter>
    </ClInclude>
    <ClInclude Include="Include\cglm\struct\mat3.h">
      <Filter>Header Files</Filter>
    </ClInclude>
    <ClInclude Include="Include\cglm\struct\mat3x2.h">
      <Filter>Header Files</Filter>
    </ClInclude>
    <ClInclude Include="Include\cglm\struct\mat3x4.h">
      <Filter>Header Files</Filter>
    </ClInclude>
    <ClInclude Include="Include\cglm\struct\mat4.h">
      <Filter>Header Files</Filter>
    </ClInclude>
    <ClInclude Include="Include\cglm\struct\mat4x2.h">
      <Filter>Header Files</Filter>
    </ClInclude>
    <ClInclude Include="Include\cglm\struct\mat4x3.h">
      <Filter>Header Files</Filter>
    </ClInclude>
    <ClInclude Include="Include\cglm\struct\plane.h">
      <Filter>Header Files</Filter>
    </ClInclude>
    <ClInclude Include="Include\cglm\struct\project.h">
      <Filter>Header Files</Filter>
    </ClInclude>
    <ClInclude Include="Include\cglm\struct\quat.h">
      <Filter>Header Files</Filter>
    </ClInclude>
    <ClInclude Include="Include\cglm\struct\sphere.h">
      <Filter>Header Files</Filter>
    </ClInclude>
    <ClInclude Include="Include\cglm\struct\vec2.h">
      <Filter>Header Files</Filter>
    </ClInclude>
    <ClInclude Include="Include\cglm\struct\vec2-ext.h">
      <Filter>Header Files</Filter>
    </ClInclude>
    <ClInclude Include="Include\cglm\struct\vec3.h">
      <Filter>Header Files</Filter>
    </ClInclude>
    <ClInclude Include="Include\cglm\struct\vec3-ext.h">
      <Filter>Header Files</Filter>
    </ClInclude>
    <ClInclude Include="Include\cglm\struct\vec4.h">
      <Filter>Header Files</Filter>
    </ClInclude>
    <ClInclude Include="Include\cglm\struct\vec4-ext.h">
      <Filter>Header Files</Filter>
    </ClInclude>
    <ClInclude Include="Include\cglm\affine.h">
      <Filter>Header Files</Filter>
    </ClInclude>
    <ClInclude Include="Include\cglm\affine2d.h">
      <Filter>Header Files</Filter>
    </ClInclude>
    <ClInclude Include="Include\cglm\affine-mat.h">
      <Filter>Header Files</Filter>
    </ClInclude>
    <ClInclude Include="Include\cglm\affine-post.h">
      <Filter>Header Files</Filter>
    </ClInclude>
    <ClInclude Include="Include\cglm\affine-pre.h">
      <Filter>Header Files</Filter>
    </ClInclude>
    <ClInclude Include="Include\cglm\applesimd.h">
      <Filter>Header Files</Filter>
    </ClInclude>
    <ClInclude Include="Include\cglm\bezier.h">
      <Filter>Header Files</Filter>
    </ClInclude>
    <ClInclude Include="Include\cglm\box.h">
      <Filter>Header Files</Filter>
    </ClInclude>
    <ClInclude Include="Include\cglm\call.h">
      <Filter>Header Files</Filter>
    </ClInclude>
    <ClInclude Include="Include\cglm\cam.h">
      <Filter>Header Files</Filter>
    </ClInclude>
    <ClInclude Include="Include\cglm\cglm.h">
      <Filter>Header Files</Filter>
    </ClInclude>
    <ClInclude Include="Include\cglm\color.h">
      <Filter>Header Files</Filter>
    </ClInclude>
    <ClInclude Include="Include\cglm\common.h">
      <Filter>Header Files</Filter>
    </ClInclude>
    <ClInclude Include="Include\cglm\curve.h">
      <Filter>Header Files</Filter>
    </ClInclude>
    <ClInclude Include="Include\cglm\ease.h">
      <Filter>Header Files</Filter>
    </ClInclude>
    <ClInclude Include="Include\cglm\euler.h">
      <Filter>Header Files</Filter>
    </ClInclude>
    <ClInclude Include="Include\cglm\frustum.h">
      <Filter>Header Files</Filter>
    </ClInclude>
    <ClInclude Include="Include\cglm\io.h">
      <Filter>Header Files</Filter>
    </ClInclude>
    <ClInclude Include="Include\cglm\ivec2.h">
      <Filter>Header Files</Filter>
    </ClInclude>
    <ClInclude Include="Include\cglm\ivec3.h">
      <Filter>Header Files</Filter>
    </ClInclude>
    <ClInclude Include="Include\cglm\ivec4.h">
      <Filter>Header Files</Filter>
    </ClInclude>
    <ClInclude Include="Include\cglm\mat2.h">
      <Filter>Header Files</Filter>
    </ClInclude>
    <ClInclude Include="Include\cglm\mat2x3.h">
      <Filter>Header Files</Filter>
    </ClInclude>
    <ClInclude Include="Include\cglm\mat2x4.h">
      <Filter>Header Files</Filter>
    </ClInclude>
    <ClInclude Include="Include\cglm\mat3.h">
      <Filter>Header Files</Filter>
    </ClInclude>
    <ClInclude Include="Include\cglm\mat3x2.h">
      <Filter>Header Files</Filter>
    </ClInclude>
    <ClInclude Include="Include\cglm\mat3x4.h">
      <Filter>Header Files</Filter>
    </ClInclude>
    <ClInclude Include="Include\cglm\mat4.h">
      <Filter>Header Files</Filter>
    </ClInclude>
    <ClInclude Include="Include\cglm\mat4x2.h">
      <Filter>Header Files</Filter>
    </ClInclude>
    <ClInclude Include="Include\cglm\mat4x3.h">
      <Filter>Header Files</Filter>
    </ClInclude>
    <ClInclude Include="Include\cglm\plane.h">
      <Filter>Header Files</Filter>
    </ClInclude>
    <ClInclude Include="Include\cglm\project.h">
      <Filter>Header Files</Filter>
    </ClInclude>
    <ClInclude Include="Include\cglm\quat.h">
      <Filter>Header Files</Filter>
    </ClInclude>
    <ClInclude Include="Include\cglm\ray.h">
      <Filter>Header Files</Filter>
    </ClInclude>
    <ClInclude Include="Include\cglm\sphere.h">
      <Filter>Header Files</Filter>
    </ClInclude>
    <ClInclude Include="Include\cglm\struct.h">
      <Filter>Header Files</Filter>
    </ClInclude>
    <ClInclude Include="Include\cglm\types.h">
      <Filter>Header Files</Filter>
    </ClInclude>
    <ClInclude Include="Include\cglm\types-struct.h">
      <Filter>Header Files</Filter>
    </ClInclude>
    <ClInclude Include="Include\cglm\util.h">
      <Filter>Header Files</Filter>
    </ClInclude>
    <ClInclude Include="Include\cglm\vec2.h">
      <Filter>Header Files</Filter>
    </ClInclude>
    <ClInclude Include="Include\cglm\vec2-ext.h">
      <Filter>Header Files</Filter>
    </ClInclude>
    <ClInclude Include="Include\cglm\vec3.h">
      <Filter>Header Files</Filter>
    </ClInclude>
    <ClInclude Include="Include\cglm\vec3-ext.h">
      <Filter>Header Files</Filter>
    </ClInclude>
    <ClInclude Include="Include\cglm\vec4.h">
      <Filter>Header Files</Filter>
    </ClInclude>
    <ClInclude Include="Include\cglm\vec4-ext.h">
      <Filter>Header Files</Filter>
    </ClInclude>
    <ClInclude Include="Include\cglm\version.h">
      <Filter>Header Files</Filter>
    </ClInclude>
    <ClInclude Include="Include\stb_image.h">
      <Filter>Header Files</Filter>
    </ClInclude>
    <ClInclude Include="Include\GLFW\glfw3native.h">
      <Filter>Header Files</Filter>
    </ClInclude>
    <ClInclude Include="Include\GLFW\glfw3.h">
      <Filter>Header Files</Filter>
    </ClInclude>
    <ClInclude Include="Source\renderer\shader.h">
      <Filter>Header Files</Filter>
    </ClInclude>
    <ClInclude Include="Source\renderer\renderer.h">
      <Filter>Header Files</Filter>
    </ClInclude>
    <ClInclude Include="Source\utils\bool.h">
      <Filter>Header Files</Filter>
    </ClInclude>
    <ClInclude Include="Source\obj.h">
      <Filter>Header Files</Filter>
    </ClInclude>
  </ItemGroup>
  <ItemGroup>
    <Library Include="Library\glfw3.lib" />
    <Library Include="Library\cglm.lib" />
  </ItemGroup>
  <ItemGroup>
    <Image Include="Data\Textures\cillian_murphy.png">
      <Filter>Resource Files</Filter>
    </Image>
  </ItemGroup>
  <ItemGroup>
    <None Include=".gitattributes" />
    <None Include=".gitignore" />
    <None Include="README.md" />
  </ItemGroup>
  <ItemGroup>
    <Text Include="LICENSE.txt" />
  </ItemGroup>
</Project>